
Microsoft Visual Studio Solution File, Format Version 12.00
# Visual Studio Version 17
VisualStudioVersion = 17.11.35431.28
MinimumVisualStudioVersion = 10.0.40219.1
Project("{9A19103F-16F7-4668-BE54-9A1E7A4F7556}") = "NZWalks.API", "NZWalks.API\NZWalks.API.csproj", "{004DFDD7-6AC5-4251-A0FB-9BBA63CE662E}"
EndProject
Project("{FAE04EC0-301F-11D3-BF4B-00C04F79EFBC}") = "NZWalks.UI", "NZWalks.UI\NZWalks.UI.csproj", "{DE496F36-0E7C-42B7-B07F-F0C6AFA7B9B1}"
EndProject
Global
	GlobalSection(SolutionConfigurationPlatforms) = preSolution
		Debug|Any CPU = Debug|Any CPU
		Release|Any CPU = Release|Any CPU
	EndGlobalSection
	GlobalSection(ProjectConfigurationPlatforms) = postSolution
		{004DFDD7-6AC5-4251-A0FB-9BBA63CE662E}.Debug|Any CPU.ActiveCfg = Debug|Any CPU
		{004DFDD7-6AC5-4251-A0FB-9BBA63CE662E}.Debug|Any CPU.Build.0 = Debug|Any CPU
		{004DFDD7-6AC5-4251-A0FB-9BBA63CE662E}.Release|Any CPU.ActiveCfg = Release|Any CPU
		{004DFDD7-6AC5-4251-A0FB-9BBA63CE662E}.Release|Any CPU.Build.0 = Release|Any CPU
		{DE496F36-0E7C-42B7-B07F-F0C6AFA7B9B1}.Debug|Any CPU.ActiveCfg = Debug|Any CPU
		{DE496F36-0E7C-42B7-B07F-F0C6AFA7B9B1}.Debug|Any CPU.Build.0 = Debug|Any CPU
		{DE496F36-0E7C-42B7-B07F-F0C6AFA7B9B1}.Release|Any CPU.ActiveCfg = Release|Any CPU
		{DE496F36-0E7C-42B7-B07F-F0C6AFA7B9B1}.Release|Any CPU.Build.0 = Release|Any CPU
	EndGlobalSection
	GlobalSection(SolutionProperties) = preSolution
		HideSolutionNode = FALSE
	EndGlobalSection
	GlobalSection(ExtensibilityGlobals) = postSolution
		SolutionGuid = {449CCF3F-6221-4EBE-9458-08E11BCF0147}
	EndGlobalSection
EndGlobal
